{
  "nodes": {
    "nixpkgs": {
      "locked": {
        "lastModified": 1709730415,
        "narHash": "sha256-hfhsrud9/j4IF4ALnAFZaHusYeuBYNGT/Ir2lumD2lQ=",
        "owner": "NixOS",
        "repo": "nixpkgs",
        "rev": "42d13d9a21ed3d7458776508c0c1b603da9c7066",
        "type": "github"
      },
      "original": {
        "owner": "NixOS",
        "ref": "master",
        "repo": "nixpkgs",
        "type": "github"
      }
    },
    "root": {
      "inputs": {
        "nixpkgs": "nixpkgs"
      }
    }
  },
  "root": "root",
  "version": 7
}
