{
  "nodes": {
    "nixpkgs": {
      "locked": {
        "lastModified": 1714404219,
        "narHash": "sha256-1YdyaIv7WM3snp3E5Ib4Fsr4Z6/IbR5aKqVo3VXkfEA=",
        "owner": "NixOS",
        "repo": "nixpkgs",
        "rev": "aa30bcc07ba66e96bb6467e4a42f7845f11b6942",
        "type": "github"
      },
      "original": {
        "owner": "NixOS",
        "ref": "master",
        "repo": "nixpkgs",
        "type": "github"
      }
    },
    "root": {
      "inputs": {
        "nixpkgs": "nixpkgs"
      }
    }
  },
  "root": "root",
  "version": 7
}
