{
  "nodes": {
    "nixpkgs": {
      "locked": {
        "lastModified": 1701445280,
        "narHash": "sha256-EVQxWi9eAmgfD+QTTsCTr7K9O9MwJvg7mMGOZDoqhFQ=",
        "owner": "NixOS",
        "repo": "nixpkgs",
        "rev": "19c94cd4bd4e21acc4ddc50bc0ab4c05662c4830",
        "type": "github"
      },
      "original": {
        "owner": "NixOS",
        "ref": "master",
        "repo": "nixpkgs",
        "type": "github"
      }
    },
    "root": {
      "inputs": {
        "nixpkgs": "nixpkgs"
      }
    }
  },
  "root": "root",
  "version": 7
}
